{
  "name": "toquehub-pdf-ocr-benchmark",
  "version": "1.0.0",
  "lockfileVersion": 3,
  "requires": true,
  "packages": {
    "": {
      "name": "toquehub-pdf-ocr-benchmark",
      "version": "1.0.0",
      "dependencies": {
        "@firecrawl/pdf-inspector": "1.11.2"
      }
    },
    "node_modules/@firecrawl/pdf-inspector": {
      "version": "1.11.2",
      "resolved": "https://registry.npmjs.org/@firecrawl/pdf-inspector/-/pdf-inspector-1.11.2.tgz",
      "integrity": "sha512-Sqb071LRCj/AffWHWgXNt49nQHVrEooAfglniV3PbJ1/AplNJaTqjYZ7HN6jAyzrPGCdZ4+/CQOuVu+fO9NGIQ==",
      "license": "MIT",
      "bin": {
        "pdf-inspector": "bin/pdf-inspector.mjs"
      },
      "optionalDependencies": {
        "@firecrawl/pdf-inspector-darwin-arm64": "1.11.2",
        "@firecrawl/pdf-inspector-linux-x64-gnu": "1.11.2",
        "@firecrawl/pdf-inspector-win32-x64-msvc": "1.11.2"
      }
    },
    "node_modules/@firecrawl/pdf-inspector-darwin-arm64": {
      "version": "1.11.2",
      "resolved": "https://registry.npmjs.org/@firecrawl/pdf-inspector-darwin-arm64/-/pdf-inspector-darwin-arm64-1.11.2.tgz",
      "integrity": "sha512-L2Ict3j2V51cBxiCg4Q8AWXwKhMO46It/o1NdHgBwYeHf8tCBxhrts4YGHq9tYmMxFYo3g5E5jAk7pkjMmzlJg==",
      "cpu": [
        "arm64"
      ],
      "license": "MIT",
      "optional": true,
      "os": [
        "darwin"
      ],
      "engines": {
        "node": ">= 10"
      }
    },
    "node_modules/@firecrawl/pdf-inspector-linux-x64-gnu": {
      "version": "1.11.2",
      "resolved": "https://registry.npmjs.org/@firecrawl/pdf-inspector-linux-x64-gnu/-/pdf-inspector-linux-x64-gnu-1.11.2.tgz",
      "integrity": "sha512-nTeFUvZODi0aDZHhDv1B3U6k9J9hHvRYLuzbh1CMl9PR9h5muxlUpQLHVslhQXsRdVwdA32TZTPE+Ziuw39ttA==",
      "cpu": [
        "x64"
      ],
      "license": "MIT",
      "optional": true,
      "os": [
        "linux"
      ],
      "engines": {
        "node": ">= 10"
      }
    },
    "node_modules/@firecrawl/pdf-inspector-win32-x64-msvc": {
      "version": "1.11.2",
      "resolved": "https://registry.npmjs.org/@firecrawl/pdf-inspector-win32-x64-msvc/-/pdf-inspector-win32-x64-msvc-1.11.2.tgz",
      "integrity": "sha512-Kl9/i814dpygPbC8/seiJyANO6440QC2ZLAsPVn2TsvXwaGe2IZQFnWaQn4o1qGiCX7cQOsinZSlWp2tvAuOyQ==",
      "cpu": [
        "x64"
      ],
      "license": "MIT",
      "optional": true,
      "os": [
        "win32"
      ],
      "engines": {
        "node": ">= 10"
      }
    }
  }
}
